
Microsoft Visual Studio Solution File, Format Version 12.00
# Visual Studio 2012
Project("{FAE04EC0-301F-11D3-BF4B-00C04F79EFBC}") = "Relativity_Data_Parsing_Project_3", "Relativity_Data_Parsing_Project_3\Relativity_Data_Parsing_Project_3.csproj", "{EDF283B2-89D2-423A-A5AA-561B19A20B62}"
EndProject
Global
	GlobalSection(SolutionConfigurationPlatforms) = preSolution
		Debug|Any CPU = Debug|Any CPU
		Debug|x64 = Debug|x64
		Release|Any CPU = Release|Any CPU
		Release|x64 = Release|x64
	EndGlobalSection
	GlobalSection(ProjectConfigurationPlatforms) = postSolution
		{EDF283B2-89D2-423A-A5AA-561B19A20B62}.Debug|Any CPU.ActiveCfg = Release|Any CPU
		{EDF283B2-89D2-423A-A5AA-561B19A20B62}.Debug|Any CPU.Build.0 = Release|Any CPU
		{EDF283B2-89D2-423A-A5AA-561B19A20B62}.Debug|x64.ActiveCfg = Release|x64
		{EDF283B2-89D2-423A-A5AA-561B19A20B62}.Debug|x64.Build.0 = Release|x64
		{EDF283B2-89D2-423A-A5AA-561B19A20B62}.Release|Any CPU.ActiveCfg = Release|Any CPU
		{EDF283B2-89D2-423A-A5AA-561B19A20B62}.Release|Any CPU.Build.0 = Release|Any CPU
		{EDF283B2-89D2-423A-A5AA-561B19A20B62}.Release|x64.ActiveCfg = Release|x64
		{EDF283B2-89D2-423A-A5AA-561B19A20B62}.Release|x64.Build.0 = Release|x64
	EndGlobalSection
	GlobalSection(SolutionProperties) = preSolution
		HideSolutionNode = FALSE
	EndGlobalSection
	GlobalSection(Performance) = preSolution
		HasPerformanceSessions = true
	EndGlobalSection
EndGlobal
